
Microsoft Visual Studio Solution File, Format Version 12.00
# Visual Studio Version 17
VisualStudioVersion = 17.0.32112.339
MinimumVisualStudioVersion = 10.0.40219.1
Project("{9A19103F-16F7-4668-BE54-9A1E7A4F7556}") = "BlazorPresentation", "BlazorPresentation\BlazorPresentation.csproj", "{7CDEE7CE-EF66-476E-A312-A1BCA241838F}"
EndProject
Global
	GlobalSection(SolutionConfigurationPlatforms) = preSolution
		Debug|Any CPU = Debug|Any CPU
		Release|Any CPU = Release|Any CPU
	EndGlobalSection
	GlobalSection(ProjectConfigurationPlatforms) = postSolution
		{7CDEE7CE-EF66-476E-A312-A1BCA241838F}.Debug|Any CPU.ActiveCfg = Debug|Any CPU
		{7CDEE7CE-EF66-476E-A312-A1BCA241838F}.Debug|Any CPU.Build.0 = Debug|Any CPU
		{7CDEE7CE-EF66-476E-A312-A1BCA241838F}.Release|Any CPU.ActiveCfg = Release|Any CPU
		{7CDEE7CE-EF66-476E-A312-A1BCA241838F}.Release|Any CPU.Build.0 = Release|Any CPU
	EndGlobalSection
	GlobalSection(SolutionProperties) = preSolution
		HideSolutionNode = FALSE
	EndGlobalSection
	GlobalSection(ExtensibilityGlobals) = postSolution
		SolutionGuid = {CA541385-3CD5-4102-865F-22F29E3D1CFA}
	EndGlobalSection
EndGlobal
